
Microsoft Visual Studio Solution File, Format Version 12.00
# Visual Studio 14
VisualStudioVersion = 14.0.25420.1
MinimumVisualStudioVersion = 10.0.40219.1
Project("{FAE04EC0-301F-11D3-BF4B-00C04F79EFBC}") = "SqlWhiteboard", "SqlWhiteboard\SqlWhiteboard.csproj", "{F04D2439-2B15-47CB-B2C9-D53ECCF1347F}"
EndProject
Project("{F2A71F9B-5D33-465A-A702-920D77279786}") = "SqlWhiteboard.Logic", "SqlWhiteboard.Logic\SqlWhiteboard.Logic.fsproj", "{FD1D63C8-A642-4101-AFEF-AF487BF5858E}"
EndProject
Project("{F2A71F9B-5D33-465A-A702-920D77279786}") = "SqlWhiteboard.Rules", "SqlWhiteboard.Rules\SqlWhiteboard.Rules.fsproj", "{10DC813D-C5AE-42C9-AADD-1B117DC5342D}"
EndProject
Project("{F2A71F9B-5D33-465A-A702-920D77279786}") = "SqlWhiteboard.Rules.Tests", "SqlWhiteboard.Rules.Tests\SqlWhiteboard.Rules.Tests.fsproj", "{C09C0AFB-F01F-42E3-BCF1-0605090C3095}"
EndProject
Global
	GlobalSection(SolutionConfigurationPlatforms) = preSolution
		Debug|Any CPU = Debug|Any CPU
		Release|Any CPU = Release|Any CPU
	EndGlobalSection
	GlobalSection(ProjectConfigurationPlatforms) = postSolution
		{F04D2439-2B15-47CB-B2C9-D53ECCF1347F}.Debug|Any CPU.ActiveCfg = Debug|Any CPU
		{F04D2439-2B15-47CB-B2C9-D53ECCF1347F}.Debug|Any CPU.Build.0 = Debug|Any CPU
		{F04D2439-2B15-47CB-B2C9-D53ECCF1347F}.Release|Any CPU.ActiveCfg = Release|Any CPU
		{F04D2439-2B15-47CB-B2C9-D53ECCF1347F}.Release|Any CPU.Build.0 = Release|Any CPU
		{FD1D63C8-A642-4101-AFEF-AF487BF5858E}.Debug|Any CPU.ActiveCfg = Debug|Any CPU
		{FD1D63C8-A642-4101-AFEF-AF487BF5858E}.Debug|Any CPU.Build.0 = Debug|Any CPU
		{FD1D63C8-A642-4101-AFEF-AF487BF5858E}.Release|Any CPU.ActiveCfg = Release|Any CPU
		{FD1D63C8-A642-4101-AFEF-AF487BF5858E}.Release|Any CPU.Build.0 = Release|Any CPU
		{10DC813D-C5AE-42C9-AADD-1B117DC5342D}.Debug|Any CPU.ActiveCfg = Debug|Any CPU
		{10DC813D-C5AE-42C9-AADD-1B117DC5342D}.Debug|Any CPU.Build.0 = Debug|Any CPU
		{10DC813D-C5AE-42C9-AADD-1B117DC5342D}.Release|Any CPU.ActiveCfg = Release|Any CPU
		{10DC813D-C5AE-42C9-AADD-1B117DC5342D}.Release|Any CPU.Build.0 = Release|Any CPU
		{C09C0AFB-F01F-42E3-BCF1-0605090C3095}.Debug|Any CPU.ActiveCfg = Debug|Any CPU
		{C09C0AFB-F01F-42E3-BCF1-0605090C3095}.Debug|Any CPU.Build.0 = Debug|Any CPU
		{C09C0AFB-F01F-42E3-BCF1-0605090C3095}.Release|Any CPU.ActiveCfg = Release|Any CPU
		{C09C0AFB-F01F-42E3-BCF1-0605090C3095}.Release|Any CPU.Build.0 = Release|Any CPU
	EndGlobalSection
	GlobalSection(SolutionProperties) = preSolution
		HideSolutionNode = FALSE
	EndGlobalSection
EndGlobal
